
Microsoft Visual Studio Solution File, Format Version 12.00
# Visual Studio 15
VisualStudioVersion = 15.0.28307.572
MinimumVisualStudioVersion = 10.0.40219.1
Project("{9A19103F-16F7-4668-BE54-9A1E7A4F7556}") = "SamuraiApp.Domain", "SamuraiApp.Domain\SamuraiApp.Domain.csproj", "{E70589B8-76D9-4D56-85A1-17D2806A42D3}"
EndProject
Project("{9A19103F-16F7-4668-BE54-9A1E7A4F7556}") = "SamuraiApp.Data", "SamuraiApp.Data\SamuraiApp.Data.csproj", "{A41DDD78-B973-4189-B4E1-8ED698C9F615}"
EndProject
Project("{9A19103F-16F7-4668-BE54-9A1E7A4F7556}") = "Test", "Test\Test.csproj", "{7BD3D213-CF88-4A3B-846B-17A2BBD85B94}"
EndProject
Project("{FAE04EC0-301F-11D3-BF4B-00C04F79EFBC}") = "ConsoleApp", "ConsoleApp\ConsoleApp.csproj", "{CA24A466-6F8C-46B6-918F-CE1FFB72E9C8}"
EndProject
Global
	GlobalSection(SolutionConfigurationPlatforms) = preSolution
		Debug|Any CPU = Debug|Any CPU
		Release|Any CPU = Release|Any CPU
	EndGlobalSection
	GlobalSection(ProjectConfigurationPlatforms) = postSolution
		{E70589B8-76D9-4D56-85A1-17D2806A42D3}.Debug|Any CPU.ActiveCfg = Debug|Any CPU
		{E70589B8-76D9-4D56-85A1-17D2806A42D3}.Debug|Any CPU.Build.0 = Debug|Any CPU
		{E70589B8-76D9-4D56-85A1-17D2806A42D3}.Release|Any CPU.ActiveCfg = Release|Any CPU
		{E70589B8-76D9-4D56-85A1-17D2806A42D3}.Release|Any CPU.Build.0 = Release|Any CPU
		{A41DDD78-B973-4189-B4E1-8ED698C9F615}.Debug|Any CPU.ActiveCfg = Debug|Any CPU
		{A41DDD78-B973-4189-B4E1-8ED698C9F615}.Debug|Any CPU.Build.0 = Debug|Any CPU
		{A41DDD78-B973-4189-B4E1-8ED698C9F615}.Release|Any CPU.ActiveCfg = Release|Any CPU
		{A41DDD78-B973-4189-B4E1-8ED698C9F615}.Release|Any CPU.Build.0 = Release|Any CPU
		{7BD3D213-CF88-4A3B-846B-17A2BBD85B94}.Debug|Any CPU.ActiveCfg = Debug|Any CPU
		{7BD3D213-CF88-4A3B-846B-17A2BBD85B94}.Debug|Any CPU.Build.0 = Debug|Any CPU
		{7BD3D213-CF88-4A3B-846B-17A2BBD85B94}.Release|Any CPU.ActiveCfg = Release|Any CPU
		{7BD3D213-CF88-4A3B-846B-17A2BBD85B94}.Release|Any CPU.Build.0 = Release|Any CPU
		{CA24A466-6F8C-46B6-918F-CE1FFB72E9C8}.Debug|Any CPU.ActiveCfg = Debug|Any CPU
		{CA24A466-6F8C-46B6-918F-CE1FFB72E9C8}.Debug|Any CPU.Build.0 = Debug|Any CPU
		{CA24A466-6F8C-46B6-918F-CE1FFB72E9C8}.Release|Any CPU.ActiveCfg = Release|Any CPU
		{CA24A466-6F8C-46B6-918F-CE1FFB72E9C8}.Release|Any CPU.Build.0 = Release|Any CPU
	EndGlobalSection
	GlobalSection(SolutionProperties) = preSolution
		HideSolutionNode = FALSE
	EndGlobalSection
	GlobalSection(ExtensibilityGlobals) = postSolution
		SolutionGuid = {FB9FE154-3E10-4B70-A895-1ACC9DC52631}
	EndGlobalSection
EndGlobal
